
Microsoft Visual Studio Solution File, Format Version 12.00
# Visual Studio Version 17
VisualStudioVersion = 17.4.33213.308
MinimumVisualStudioVersion = 10.0.40219.1
Project("{FAE04EC0-301F-11D3-BF4B-00C04F79EFBC}") = "UI", "UI\UI.csproj", "{D059E969-E244-465F-9473-D7045DB5EFCF}"
EndProject
Project("{FAE04EC0-301F-11D3-BF4B-00C04F79EFBC}") = "DAL", "DAL\DAL.csproj", "{1B942DA1-1093-4CF5-AEAA-4F545EDD3DFB}"
EndProject
Project("{FAE04EC0-301F-11D3-BF4B-00C04F79EFBC}") = "BLL", "BLL\BLL.csproj", "{2B7E7F44-E1C3-4CA7-AA12-60CDD2C03497}"
EndProject
Project("{FAE04EC0-301F-11D3-BF4B-00C04F79EFBC}") = "DTO", "DTO\DTO.csproj", "{1A251605-5DE5-4C6C-88C9-2528C4C71D19}"
EndProject
Global
	GlobalSection(SolutionConfigurationPlatforms) = preSolution
		Debug|Any CPU = Debug|Any CPU
		Release|Any CPU = Release|Any CPU
	EndGlobalSection
	GlobalSection(ProjectConfigurationPlatforms) = postSolution
		{D059E969-E244-465F-9473-D7045DB5EFCF}.Debug|Any CPU.ActiveCfg = Debug|Any CPU
		{D059E969-E244-465F-9473-D7045DB5EFCF}.Debug|Any CPU.Build.0 = Debug|Any CPU
		{D059E969-E244-465F-9473-D7045DB5EFCF}.Release|Any CPU.ActiveCfg = Release|Any CPU
		{D059E969-E244-465F-9473-D7045DB5EFCF}.Release|Any CPU.Build.0 = Release|Any CPU
		{1B942DA1-1093-4CF5-AEAA-4F545EDD3DFB}.Debug|Any CPU.ActiveCfg = Debug|Any CPU
		{1B942DA1-1093-4CF5-AEAA-4F545EDD3DFB}.Debug|Any CPU.Build.0 = Debug|Any CPU
		{1B942DA1-1093-4CF5-AEAA-4F545EDD3DFB}.Release|Any CPU.ActiveCfg = Release|Any CPU
		{1B942DA1-1093-4CF5-AEAA-4F545EDD3DFB}.Release|Any CPU.Build.0 = Release|Any CPU
		{2B7E7F44-E1C3-4CA7-AA12-60CDD2C03497}.Debug|Any CPU.ActiveCfg = Debug|Any CPU
		{2B7E7F44-E1C3-4CA7-AA12-60CDD2C03497}.Debug|Any CPU.Build.0 = Debug|Any CPU
		{2B7E7F44-E1C3-4CA7-AA12-60CDD2C03497}.Release|Any CPU.ActiveCfg = Release|Any CPU
		{2B7E7F44-E1C3-4CA7-AA12-60CDD2C03497}.Release|Any CPU.Build.0 = Release|Any CPU
		{1A251605-5DE5-4C6C-88C9-2528C4C71D19}.Debug|Any CPU.ActiveCfg = Debug|Any CPU
		{1A251605-5DE5-4C6C-88C9-2528C4C71D19}.Debug|Any CPU.Build.0 = Debug|Any CPU
		{1A251605-5DE5-4C6C-88C9-2528C4C71D19}.Release|Any CPU.ActiveCfg = Release|Any CPU
		{1A251605-5DE5-4C6C-88C9-2528C4C71D19}.Release|Any CPU.Build.0 = Release|Any CPU
	EndGlobalSection
	GlobalSection(SolutionProperties) = preSolution
		HideSolutionNode = FALSE
	EndGlobalSection
	GlobalSection(ExtensibilityGlobals) = postSolution
		SolutionGuid = {26AC4C72-7B57-4690-A7C2-A7EE58C1D3E9}
	EndGlobalSection
EndGlobal
